<?xml version="1.0" encoding="utf-8"?>
<Project ToolsVersion="4.0" xmlns="http://schemas.microsoft.com/developer/msbuild/2003">
  <ItemGroup>
    <Filter Include="Form Files">
      <UniqueIdentifier>{99349809-55BA-4b9d-BF79-8FDBB0286EB3}</UniqueIdentifier>
      <Extensions>ui</Extensions>
      <ParseFiles>false</ParseFiles>
    </Filter>
    <Filter Include="Form Files">
      <UniqueIdentifier>{99349809-55BA-4b9d-BF79-8FDBB0286EB3}</UniqueIdentifier>
      <Extensions>ui</Extensions>
      <ParseFiles>false</ParseFiles>
    </Filter>
    <Filter Include="Generated Files">
      <UniqueIdentifier>{71ED8ED8-ACB9-4CE9-BBE1-E00B30144E11}</UniqueIdentifier>
      <Extensions>cpp;c;cxx;moc;h;def;odl;idl;res;</Extensions>
    </Filter>
    <Filter Include="Generated Files">
      <UniqueIdentifier>{71ED8ED8-ACB9-4CE9-BBE1-E00B30144E11}</UniqueIdentifier>
      <Extensions>cpp;c;cxx;moc;h;def;odl;idl;res;</Extensions>
    </Filter>
    <Filter Include="Header Files">
      <UniqueIdentifier>{93995380-89BD-4b04-88EB-625FBE52EBFB}</UniqueIdentifier>
      <Extensions>h;hpp;hxx;hm;inl;inc;xsd</Extensions>
    </Filter>
    <Filter Include="Header Files">
      <UniqueIdentifier>{93995380-89BD-4b04-88EB-625FBE52EBFB}</UniqueIdentifier>
      <Extensions>h;hpp;hxx;hm;inl;inc;xsd</Extensions>
    </Filter>
    <Filter Include="Source Files">
      <UniqueIdentifier>{4FC737F1-C7A5-4376-A066-2A32D752A2FF}</UniqueIdentifier>
      <Extensions>cpp;c;cxx;def;odl;idl;hpj;bat;asm;asmx</Extensions>
    </Filter>
    <Filter Include="Source Files">
      <UniqueIdentifier>{4FC737F1-C7A5-4376-A066-2A32D752A2FF}</UniqueIdentifier>
      <Extensions>cpp;c;cxx;def;odl;idl;hpj;bat;asm;asmx</Extensions>
    </Filter>
    <Filter Include="Generated Files\Debug">
      <UniqueIdentifier>{5d78f00f-c9d3-4ed4-aed9-e9e440ce8207}</UniqueIdentifier>
      <Extensions>cpp;moc</Extensions>
      <SourceControlFiles>False</SourceControlFiles>
    </Filter>
    <Filter Include="Generated Files\Release">
      <UniqueIdentifier>{a933f355-316c-4038-be90-49a6f0efcf1c}</UniqueIdentifier>
      <Extensions>cpp;moc</Extensions>
      <SourceControlFiles>False</SourceControlFiles>
    </Filter>
    <Filter Include="Header Files\Dataset">
      <UniqueIdentifier>{4ab51fda-56ee-4722-b82a-e0e50f8078b9}</UniqueIdentifier>
    </Filter>
    <Filter Include="Source Files\Dataset">
      <UniqueIdentifier>{53b1a179-afae-420d-bda8-25137eb2149e}</UniqueIdentifier>
    </Filter>
  </ItemGroup>
  <ItemGroup>
    <ClCompile Include="BAYES\class_variable.cpp">
      <Filter>Source Files</Filter>
    </ClCompile>
    <ClCompile Include="DENSITY\densitymethod.cpp">
      <Filter>Source Files</Filter>
    </ClCompile>
    <ClCompile Include="guimainwindow.cpp">
      <Filter>Source Files</Filter>
    </ClCompile>
    <ClCompile Include="main.cpp">
      <Filter>Source Files</Filter>
    </ClCompile>
    <ClCompile Include="method.cpp">
      <Filter>Source Files</Filter>
    </ClCompile>
    <ClCompile Include="BAYES\naive_bayes.cpp">
      <Filter>Source Files</Filter>
    </ClCompile>
    <ClCompile Include="NEIGHBOUR\nearest_neighbor.cpp">
      <Filter>Source Files</Filter>
    </ClCompile>
    <ClCompile Include="DENSITY\neighbor.cpp">
      <Filter>Source Files</Filter>
    </ClCompile>
    <ClCompile Include="SOM\neuron.cpp">
      <Filter>Source Files</Filter>
    </ClCompile>
    <ClCompile Include="RANDOM\randommethod.cpp">
      <Filter>Source Files</Filter>
    </ClCompile>
    <ClCompile Include="SOM\somnetwork.cpp">
      <Filter>Source Files</Filter>
    </ClCompile>
    <ClCompile Include="NEIGHBOUR\space.cpp">
      <Filter>Source Files</Filter>
    </ClCompile>
    <ClCompile Include="SOM\topologymap.cpp">
      <Filter>Source Files</Filter>
    </ClCompile>
    <ClCompile Include="Debug\moc_guimainwindow.cpp">
      <Filter>Generated Files\Debug</Filter>
    </ClCompile>
    <ClCompile Include="Release\moc_guimainwindow.cpp">
      <Filter>Generated Files\Release</Filter>
    </ClCompile>
    <ClCompile Include="Debug\moc_topologymap.cpp">
      <Filter>Generated Files\Debug</Filter>
    </ClCompile>
    <ClCompile Include="Release\moc_topologymap.cpp">
      <Filter>Generated Files\Release</Filter>
    </ClCompile>
    <ClCompile Include="datasetControler.cpp">
      <Filter>Source Files\Dataset</Filter>
    </ClCompile>
    <ClCompile Include="Dataset.cpp">
      <Filter>Source Files\Dataset</Filter>
    </ClCompile>
    <ClCompile Include="DataRecord.cpp">
      <Filter>Source Files\Dataset</Filter>
    </ClCompile>
    <ClCompile Include="InfoTable.cpp">
      <Filter>Source Files\Dataset</Filter>
    </ClCompile>
    <ClCompile Include="DataRecordTable.cpp">
      <Filter>Source Files\Dataset</Filter>
    </ClCompile>
    <ClCompile Include="DatasetConnector.cpp">
      <Filter>Source Files\Dataset</Filter>
    </ClCompile>
  </ItemGroup>
  <ItemGroup>
    <ClInclude Include="BAYES\class_variable.h">
      <Filter>Header Files</Filter>
    </ClInclude>
    <ClInclude Include="DENSITY\densitymethod.h">
      <Filter>Header Files</Filter>
    </ClInclude>
    <CustomBuild Include="guimainwindow.h">
      <Filter>Header Files</Filter>
    </CustomBuild>
    <ClInclude Include="method.h">
      <Filter>Header Files</Filter>
    </ClInclude>
    <ClInclude Include="BAYES\naive_bayes.h">
      <Filter>Header Files</Filter>
    </ClInclude>
    <ClInclude Include="NEIGHBOUR\nearest_neighbor.h">
      <Filter>Header Files</Filter>
    </ClInclude>
    <ClInclude Include="DENSITY\neighbor.h">
      <Filter>Header Files</Filter>
    </ClInclude>
    <ClInclude Include="SOM\neuron.h">
      <Filter>Header Files</Filter>
    </ClInclude>
    <ClInclude Include="RANDOM\randommethod.h">
      <Filter>Header Files</Filter>
    </ClInclude>
    <ClInclude Include="SOM\somnetwork.h">
      <Filter>Header Files</Filter>
    </ClInclude>
    <ClInclude Include="NEIGHBOUR\space.h">
      <Filter>Header Files</Filter>
    </ClInclude>
    <CustomBuild Include="SOM\topologymap.h">
      <Filter>Header Files</Filter>
    </CustomBuild>
    <ClInclude Include="GeneratedFiles\ui_guimainwindow.h">
      <Filter>Generated Files</Filter>
    </ClInclude>
    <ClInclude Include="datasetControler.h">
      <Filter>Header Files\Dataset</Filter>
    </ClInclude>
    <ClInclude Include="Dataset.h">
      <Filter>Header Files\Dataset</Filter>
    </ClInclude>
    <ClInclude Include="DataRecord.h">
      <Filter>Header Files\Dataset</Filter>
    </ClInclude>
    <ClInclude Include="DataRecordTable.h">
      <Filter>Header Files\Dataset</Filter>
    </ClInclude>
    <ClInclude Include="InfoTable.h">
      <Filter>Header Files\Dataset</Filter>
    </ClInclude>
    <ClInclude Include="DatasetConnector.h">
      <Filter>Header Files\Dataset</Filter>
    </ClInclude>
  </ItemGroup>
  <ItemGroup>
    <CustomBuild Include="guimainwindow.ui">
      <Filter>Form Files</Filter>
    </CustomBuild>
  </ItemGroup>
  <ItemGroup>
    <None Include="ClassDiagram1.cd" />
  </ItemGroup>
</Project>