<?xml version="1.0" encoding="utf-8"?>
<Project ToolsVersion="4.0" xmlns="http://schemas.microsoft.com/developer/msbuild/2003">
  <ItemGroup>
    <Filter Include="Form Files">
      <UniqueIdentifier>{99349809-55BA-4b9d-BF79-8FDBB0286EB3}</UniqueIdentifier>
      <Extensions>ui</Extensions>
      <ParseFiles>false</ParseFiles>
    </Filter>
    <Filter Include="Form Files">
      <UniqueIdentifier>{99349809-55BA-4b9d-BF79-8FDBB0286EB3}</UniqueIdentifier>
      <Extensions>ui</Extensions>
      <ParseFiles>false</ParseFiles>
    </Filter>
    <Filter Include="Generated Files">
      <UniqueIdentifier>{71ED8ED8-ACB9-4CE9-BBE1-E00B30144E11}</UniqueIdentifier>
      <Extensions>cpp;c;cxx;moc;h;def;odl;idl;res;</Extensions>
    </Filter>
    <Filter Include="Generated Files">
      <UniqueIdentifier>{71ED8ED8-ACB9-4CE9-BBE1-E00B30144E11}</UniqueIdentifier>
      <Extensions>cpp;c;cxx;moc;h;def;odl;idl;res;</Extensions>
    </Filter>
    <Filter Include="Header Files">
      <UniqueIdentifier>{93995380-89BD-4b04-88EB-625FBE52EBFB}</UniqueIdentifier>
      <Extensions>h;hpp;hxx;hm;inl;inc;xsd</Extensions>
    </Filter>
    <Filter Include="Header Files">
      <UniqueIdentifier>{93995380-89BD-4b04-88EB-625FBE52EBFB}</UniqueIdentifier>
      <Extensions>h;hpp;hxx;hm;inl;inc;xsd</Extensions>
    </Filter>
    <Filter Include="Source Files">
      <UniqueIdentifier>{4FC737F1-C7A5-4376-A066-2A32D752A2FF}</UniqueIdentifier>
      <Extensions>cpp;c;cxx;def;odl;idl;hpj;bat;asm;asmx</Extensions>
    </Filter>
    <Filter Include="Source Files">
      <UniqueIdentifier>{4FC737F1-C7A5-4376-A066-2A32D752A2FF}</UniqueIdentifier>
      <Extensions>cpp;c;cxx;def;odl;idl;hpj;bat;asm;asmx</Extensions>
    </Filter>
    <Filter Include="Generated Files\Debug">
      <UniqueIdentifier>{5d78f00f-c9d3-4ed4-aed9-e9e440ce8207}</UniqueIdentifier>
      <Extensions>cpp;moc</Extensions>
      <SourceControlFiles>False</SourceControlFiles>
    </Filter>
    <Filter Include="Generated Files\Release">
      <UniqueIdentifier>{a933f355-316c-4038-be90-49a6f0efcf1c}</UniqueIdentifier>
      <Extensions>cpp;moc</Extensions>
      <SourceControlFiles>False</SourceControlFiles>
    </Filter>
    <Filter Include="Header Files\Dataset">
      <UniqueIdentifier>{4ab51fda-56ee-4722-b82a-e0e50f8078b9}</UniqueIdentifier>
    </Filter>
    <Filter Include="Source Files\Dataset">
      <UniqueIdentifier>{53b1a179-afae-420d-bda8-25137eb2149e}</UniqueIdentifier>
    </Filter>
    <Filter Include="Source Files\SOM">
      <UniqueIdentifier>{eae5f631-ba4e-46bc-8bbc-ce2fa40b8a40}</UniqueIdentifier>
    </Filter>
    <Filter Include="Header Files\SOM">
      <UniqueIdentifier>{7527e53f-279e-4972-bd17-ad90fa1600ae}</UniqueIdentifier>
    </Filter>
    <Filter Include="Header Files\BAYES">
      <UniqueIdentifier>{0af66a7a-9ca2-43fa-9c55-8dfa6e8d0117}</UniqueIdentifier>
    </Filter>
    <Filter Include="Source Files\BAYES">
      <UniqueIdentifier>{85cfe326-97c1-4bbe-9d62-e19b59c1a0e2}</UniqueIdentifier>
    </Filter>
    <Filter Include="Header Files\DENSITY">
      <UniqueIdentifier>{dd53fb3d-08a9-43a0-8671-a0d8e364bff9}</UniqueIdentifier>
    </Filter>
    <Filter Include="Source Files\DENSITY">
      <UniqueIdentifier>{775cbf63-bb7b-4844-b16c-645246c4f2f2}</UniqueIdentifier>
    </Filter>
    <Filter Include="Header Files\NEIGHBOUR">
      <UniqueIdentifier>{29cbb975-0ced-4911-a858-101cb5e7e078}</UniqueIdentifier>
    </Filter>
    <Filter Include="Source Files\NEIGHBOUR">
      <UniqueIdentifier>{6b58877f-565b-4139-ae86-7be46e61f233}</UniqueIdentifier>
    </Filter>
    <Filter Include="Header Files\RANDOM">
      <UniqueIdentifier>{a11179fe-8ae5-4660-bc1e-9c7e62d60b14}</UniqueIdentifier>
    </Filter>
    <Filter Include="Source Files\RANDOM">
      <UniqueIdentifier>{1cb80f85-8803-4a5c-90f3-a24fec8806d4}</UniqueIdentifier>
    </Filter>
    <Filter Include="Header Files\RBF">
      <UniqueIdentifier>{b085374d-0269-4839-a16b-a02da85f9e65}</UniqueIdentifier>
    </Filter>
    <Filter Include="Source Files\RBF">
      <UniqueIdentifier>{e1d9759d-c8c4-4e19-9647-17175fde0b2f}</UniqueIdentifier>
    </Filter>
    <Filter Include="Source Files\INCOMING_DATA_TRACKING">
      <UniqueIdentifier>{ad056c86-e7f7-4936-9954-4dab4dc38fd5}</UniqueIdentifier>
    </Filter>
    <Filter Include="Header Files\INCOMING_DATA_TRACKING">
      <UniqueIdentifier>{5c99f5a6-9711-4d9c-bd5f-eac11ab8b762}</UniqueIdentifier>
    </Filter>
  </ItemGroup>
  <ItemGroup>
    <ClCompile Include="guimainwindow.cpp">
      <Filter>Source Files</Filter>
    </ClCompile>
    <ClCompile Include="main.cpp">
      <Filter>Source Files</Filter>
    </ClCompile>
    <ClCompile Include="method.cpp">
      <Filter>Source Files</Filter>
    </ClCompile>
    <ClCompile Include="Debug\moc_guimainwindow.cpp">
      <Filter>Generated Files\Debug</Filter>
    </ClCompile>
    <ClCompile Include="Release\moc_guimainwindow.cpp">
      <Filter>Generated Files\Release</Filter>
    </ClCompile>
    <ClCompile Include="Debug\moc_topologymap.cpp">
      <Filter>Generated Files\Debug</Filter>
    </ClCompile>
    <ClCompile Include="Release\moc_topologymap.cpp">
      <Filter>Generated Files\Release</Filter>
    </ClCompile>
    <ClCompile Include="Dataset\DataRecord.cpp">
      <Filter>Source Files\Dataset</Filter>
    </ClCompile>
    <ClCompile Include="Dataset\DataRecordTable.cpp">
      <Filter>Source Files\Dataset</Filter>
    </ClCompile>
    <ClCompile Include="Dataset\Dataset.cpp">
      <Filter>Source Files\Dataset</Filter>
    </ClCompile>
    <ClCompile Include="Dataset\DatasetConnector.cpp">
      <Filter>Source Files\Dataset</Filter>
    </ClCompile>
    <ClCompile Include="Dataset\datasetControler.cpp">
      <Filter>Source Files\Dataset</Filter>
    </ClCompile>
    <ClCompile Include="Dataset\InfoTable.cpp">
      <Filter>Source Files\Dataset</Filter>
    </ClCompile>
    <ClCompile Include="SOM\neuron.cpp">
      <Filter>Source Files\SOM</Filter>
    </ClCompile>
    <ClCompile Include="SOM\somnetwork.cpp">
      <Filter>Source Files\SOM</Filter>
    </ClCompile>
    <ClCompile Include="SOM\topologymap.cpp">
      <Filter>Source Files\SOM</Filter>
    </ClCompile>
    <ClCompile Include="BAYES\class_variable.cpp">
      <Filter>Source Files\BAYES</Filter>
    </ClCompile>
    <ClCompile Include="BAYES\naive_bayes.cpp">
      <Filter>Source Files\BAYES</Filter>
    </ClCompile>
    <ClCompile Include="DENSITY\densitymethod.cpp">
      <Filter>Source Files\DENSITY</Filter>
    </ClCompile>
    <ClCompile Include="DENSITY\neighbor.cpp">
      <Filter>Source Files\DENSITY</Filter>
    </ClCompile>
    <ClCompile Include="NEIGHBOUR\nearest_neighbor.cpp">
      <Filter>Source Files\NEIGHBOUR</Filter>
    </ClCompile>
    <ClCompile Include="NEIGHBOUR\space.cpp">
      <Filter>Source Files\NEIGHBOUR</Filter>
    </ClCompile>
    <ClCompile Include="RANDOM\randommethod.cpp">
      <Filter>Source Files\RANDOM</Filter>
    </ClCompile>
    <ClCompile Include="INCOMING_DATA_TRACKING\IncomingDataConnector.cpp">
      <Filter>Source Files\INCOMING_DATA_TRACKING</Filter>
    </ClCompile>
    <ClCompile Include="INCOMING_DATA_TRACKING\IncomingDataController.cpp">
      <Filter>Source Files\INCOMING_DATA_TRACKING</Filter>
    </ClCompile>
  </ItemGroup>
  <ItemGroup>
    <CustomBuild Include="guimainwindow.h">
      <Filter>Header Files</Filter>
    </CustomBuild>
    <ClInclude Include="method.h">
      <Filter>Header Files</Filter>
    </ClInclude>
    <ClInclude Include="GeneratedFiles\ui_guimainwindow.h">
      <Filter>Generated Files</Filter>
    </ClInclude>
    <ClInclude Include="Dataset\DataRecord.h">
      <Filter>Header Files\Dataset</Filter>
    </ClInclude>
    <ClInclude Include="Dataset\InfoTable.h">
      <Filter>Header Files\Dataset</Filter>
    </ClInclude>
    <ClInclude Include="Dataset\DataRecordTable.h">
      <Filter>Header Files\Dataset</Filter>
    </ClInclude>
    <ClInclude Include="Dataset\Dataset.h">
      <Filter>Header Files\Dataset</Filter>
    </ClInclude>
    <ClInclude Include="Dataset\DatasetConnector.h">
      <Filter>Header Files\Dataset</Filter>
    </ClInclude>
    <ClInclude Include="Dataset\datasetControler.h">
      <Filter>Header Files\Dataset</Filter>
    </ClInclude>
    <ClInclude Include="SOM\neuron.h">
      <Filter>Header Files\SOM</Filter>
    </ClInclude>
    <ClInclude Include="SOM\somnetwork.h">
      <Filter>Header Files\SOM</Filter>
    </ClInclude>
    <ClInclude Include="BAYES\class_variable.h">
      <Filter>Header Files\BAYES</Filter>
    </ClInclude>
    <ClInclude Include="BAYES\naive_bayes.h">
      <Filter>Header Files\BAYES</Filter>
    </ClInclude>
  </ItemGroup>
  <ItemGroup>
    <CustomBuild Include="guimainwindow.ui">
      <Filter>Form Files</Filter>
    </CustomBuild>
    <CustomBuild Include="SOM\topologymap.h">
      <Filter>Header Files\SOM</Filter>
    </CustomBuild>
  </ItemGroup>
  <ItemGroup>
    <ClInclude Include="DENSITY\densitymethod.h">
      <Filter>Header Files\DENSITY</Filter>
    </ClInclude>
    <ClInclude Include="DENSITY\neighbor.h">
      <Filter>Header Files\DENSITY</Filter>
    </ClInclude>
    <ClInclude Include="NEIGHBOUR\nearest_neighbor.h">
      <Filter>Header Files\NEIGHBOUR</Filter>
    </ClInclude>
    <ClInclude Include="NEIGHBOUR\space.h">
      <Filter>Header Files\NEIGHBOUR</Filter>
    </ClInclude>
    <ClInclude Include="RANDOM\randommethod.h">
      <Filter>Header Files\RANDOM</Filter>
    </ClInclude>
    <ClInclude Include="INCOMING_DATA_TRACKING\IncomingDataConnector.h">
      <Filter>Header Files\INCOMING_DATA_TRACKING</Filter>
    </ClInclude>
    <ClInclude Include="INCOMING_DATA_TRACKING\IncomingDataController.h">
      <Filter>Header Files\INCOMING_DATA_TRACKING</Filter>
    </ClInclude>
  </ItemGroup>
</Project>